
Microsoft Visual Studio Solution File, Format Version 12.00
# Visual Studio Version 17
VisualStudioVersion = 17.6.33723.286
MinimumVisualStudioVersion = 10.0.40219.1
Project("{FAE04EC0-301F-11D3-BF4B-00C04F79EFBC}") = "teamManage", "teamManage\teamManage.csproj", "{334B952F-2B00-4C2E-971A-847870B87065}"
EndProject
Global
	GlobalSection(SolutionConfigurationPlatforms) = preSolution
		Debug|Any CPU = Debug|Any CPU
		Release|Any CPU = Release|Any CPU
	EndGlobalSection
	GlobalSection(ProjectConfigurationPlatforms) = postSolution
		{334B952F-2B00-4C2E-971A-847870B87065}.Debug|Any CPU.ActiveCfg = Debug|Any CPU
		{334B952F-2B00-4C2E-971A-847870B87065}.Debug|Any CPU.Build.0 = Debug|Any CPU
		{334B952F-2B00-4C2E-971A-847870B87065}.Release|Any CPU.ActiveCfg = Release|Any CPU
		{334B952F-2B00-4C2E-971A-847870B87065}.Release|Any CPU.Build.0 = Release|Any CPU
	EndGlobalSection
	GlobalSection(SolutionProperties) = preSolution
		HideSolutionNode = FALSE
	EndGlobalSection
	GlobalSection(ExtensibilityGlobals) = postSolution
		SolutionGuid = {DFD90BC2-071F-4765-8827-13568232147F}
	EndGlobalSection
EndGlobal
